
Microsoft Visual Studio Solution File, Format Version 12.00
# Visual Studio Version 17
VisualStudioVersion = 17.6.33815.320
MinimumVisualStudioVersion = 10.0.40219.1
Project("{8BC9CEB8-8B4A-11D0-8D11-00A0C91BC942}") = "Deque", "Deque\Deque.vcxproj", "{BD9B3E02-E798-4B1B-B5FC-EB1098EE5516}"
EndProject
Global
	GlobalSection(SolutionConfigurationPlatforms) = preSolution
		Debug|x64 = Debug|x64
		Debug|x86 = Debug|x86
		Release|x64 = Release|x64
		Release|x86 = Release|x86
	EndGlobalSection
	GlobalSection(ProjectConfigurationPlatforms) = postSolution
		{BD9B3E02-E798-4B1B-B5FC-EB1098EE5516}.Debug|x64.ActiveCfg = Debug|x64
		{BD9B3E02-E798-4B1B-B5FC-EB1098EE5516}.Debug|x64.Build.0 = Debug|x64
		{BD9B3E02-E798-4B1B-B5FC-EB1098EE5516}.Debug|x86.ActiveCfg = Debug|Win32
		{BD9B3E02-E798-4B1B-B5FC-EB1098EE5516}.Debug|x86.Build.0 = Debug|Win32
		{BD9B3E02-E798-4B1B-B5FC-EB1098EE5516}.Release|x64.ActiveCfg = Release|x64
		{BD9B3E02-E798-4B1B-B5FC-EB1098EE5516}.Release|x64.Build.0 = Release|x64
		{BD9B3E02-E798-4B1B-B5FC-EB1098EE5516}.Release|x86.ActiveCfg = Release|Win32
		{BD9B3E02-E798-4B1B-B5FC-EB1098EE5516}.Release|x86.Build.0 = Release|Win32
	EndGlobalSection
	GlobalSection(SolutionProperties) = preSolution
		HideSolutionNode = FALSE
	EndGlobalSection
	GlobalSection(ExtensibilityGlobals) = postSolution
		SolutionGuid = {7B0D83A5-49F3-459E-A96C-6561F8A18864}
	EndGlobalSection
EndGlobal
